
Microsoft Visual Studio Solution File, Format Version 12.00
# Visual Studio Version 17
VisualStudioVersion = 17.0.31903.59
MinimumVisualStudioVersion = 10.0.40219.1
Project("{2150E333-8FDC-42A3-9474-1A3956D46DE8}") = "src", "src", "{827E0CD3-B72D-47B6-A68D-7590B98EB39B}"
EndProject
Project("{FAE04EC0-301F-11D3-BF4B-00C04F79EFBC}") = "EquivalentResistorCalculator.Core", "src\EquivalentResistorCalculator.Core\EquivalentResistorCalculator.Core.csproj", "{E7D1AA10-6692-490D-8CFD-5964E0273136}"
EndProject
Project("{FAE04EC0-301F-11D3-BF4B-00C04F79EFBC}") = "EquivalentResistorCalculator.Gui", "src\EquivalentResistorCalculator.Gui\EquivalentResistorCalculator.Gui.csproj", "{3C48DC44-7549-444C-8E8A-A7B7B1E17CEB}"
EndProject
Project("{2150E333-8FDC-42A3-9474-1A3956D46DE8}") = "tests", "tests", "{0AB3BF05-4346-4AA6-1389-037BE0695223}"
EndProject
Project("{FAE04EC0-301F-11D3-BF4B-00C04F79EFBC}") = "EquivalentResistorCalculator.Tests", "tests\EquivalentResistorCalculator.Tests\EquivalentResistorCalculator.Tests.csproj", "{5FE7C106-8BD0-408A-8DCE-B5F7C3A9F357}"
EndProject
Global
	GlobalSection(SolutionConfigurationPlatforms) = preSolution
		Debug|Any CPU = Debug|Any CPU
		Debug|x64 = Debug|x64
		Debug|x86 = Debug|x86
		Release|Any CPU = Release|Any CPU
		Release|x64 = Release|x64
		Release|x86 = Release|x86
	EndGlobalSection
	GlobalSection(ProjectConfigurationPlatforms) = postSolution
		{E7D1AA10-6692-490D-8CFD-5964E0273136}.Debug|Any CPU.ActiveCfg = Debug|Any CPU
		{E7D1AA10-6692-490D-8CFD-5964E0273136}.Debug|Any CPU.Build.0 = Debug|Any CPU
		{E7D1AA10-6692-490D-8CFD-5964E0273136}.Debug|x64.ActiveCfg = Debug|Any CPU
		{E7D1AA10-6692-490D-8CFD-5964E0273136}.Debug|x64.Build.0 = Debug|Any CPU
		{E7D1AA10-6692-490D-8CFD-5964E0273136}.Debug|x86.ActiveCfg = Debug|Any CPU
		{E7D1AA10-6692-490D-8CFD-5964E0273136}.Debug|x86.Build.0 = Debug|Any CPU
		{E7D1AA10-6692-490D-8CFD-5964E0273136}.Release|Any CPU.ActiveCfg = Release|Any CPU
		{E7D1AA10-6692-490D-8CFD-5964E0273136}.Release|Any CPU.Build.0 = Release|Any CPU
		{E7D1AA10-6692-490D-8CFD-5964E0273136}.Release|x64.ActiveCfg = Release|Any CPU
		{E7D1AA10-6692-490D-8CFD-5964E0273136}.Release|x64.Build.0 = Release|Any CPU
		{E7D1AA10-6692-490D-8CFD-5964E0273136}.Release|x86.ActiveCfg = Release|Any CPU
		{E7D1AA10-6692-490D-8CFD-5964E0273136}.Release|x86.Build.0 = Release|Any CPU
		{3C48DC44-7549-444C-8E8A-A7B7B1E17CEB}.Debug|Any CPU.ActiveCfg = Debug|x64
		{3C48DC44-7549-444C-8E8A-A7B7B1E17CEB}.Debug|Any CPU.Build.0 = Debug|x64
		{3C48DC44-7549-444C-8E8A-A7B7B1E17CEB}.Debug|x64.ActiveCfg = Debug|x64
		{3C48DC44-7549-444C-8E8A-A7B7B1E17CEB}.Debug|x64.Build.0 = Debug|x64
		{3C48DC44-7549-444C-8E8A-A7B7B1E17CEB}.Debug|x86.ActiveCfg = Debug|x64
		{3C48DC44-7549-444C-8E8A-A7B7B1E17CEB}.Debug|x86.Build.0 = Debug|x64
		{3C48DC44-7549-444C-8E8A-A7B7B1E17CEB}.Release|Any CPU.ActiveCfg = Release|x64
		{3C48DC44-7549-444C-8E8A-A7B7B1E17CEB}.Release|Any CPU.Build.0 = Release|x64
		{3C48DC44-7549-444C-8E8A-A7B7B1E17CEB}.Release|x64.ActiveCfg = Release|x64
		{3C48DC44-7549-444C-8E8A-A7B7B1E17CEB}.Release|x64.Build.0 = Release|x64
		{3C48DC44-7549-444C-8E8A-A7B7B1E17CEB}.Release|x86.ActiveCfg = Release|x64
		{3C48DC44-7549-444C-8E8A-A7B7B1E17CEB}.Release|x86.Build.0 = Release|x64
		{5FE7C106-8BD0-408A-8DCE-B5F7C3A9F357}.Debug|Any CPU.ActiveCfg = Debug|Any CPU
		{5FE7C106-8BD0-408A-8DCE-B5F7C3A9F357}.Debug|Any CPU.Build.0 = Debug|Any CPU
		{5FE7C106-8BD0-408A-8DCE-B5F7C3A9F357}.Debug|x64.ActiveCfg = Debug|Any CPU
		{5FE7C106-8BD0-408A-8DCE-B5F7C3A9F357}.Debug|x64.Build.0 = Debug|Any CPU
		{5FE7C106-8BD0-408A-8DCE-B5F7C3A9F357}.Debug|x86.ActiveCfg = Debug|Any CPU
		{5FE7C106-8BD0-408A-8DCE-B5F7C3A9F357}.Debug|x86.Build.0 = Debug|Any CPU
		{5FE7C106-8BD0-408A-8DCE-B5F7C3A9F357}.Release|Any CPU.ActiveCfg = Release|Any CPU
		{5FE7C106-8BD0-408A-8DCE-B5F7C3A9F357}.Release|Any CPU.Build.0 = Release|Any CPU
		{5FE7C106-8BD0-408A-8DCE-B5F7C3A9F357}.Release|x64.ActiveCfg = Release|Any CPU
		{5FE7C106-8BD0-408A-8DCE-B5F7C3A9F357}.Release|x64.Build.0 = Release|Any CPU
		{5FE7C106-8BD0-408A-8DCE-B5F7C3A9F357}.Release|x86.ActiveCfg = Release|Any CPU
		{5FE7C106-8BD0-408A-8DCE-B5F7C3A9F357}.Release|x86.Build.0 = Release|Any CPU
	EndGlobalSection
	GlobalSection(SolutionProperties) = preSolution
		HideSolutionNode = FALSE
	EndGlobalSection
	GlobalSection(NestedProjects) = preSolution
		{E7D1AA10-6692-490D-8CFD-5964E0273136} = {827E0CD3-B72D-47B6-A68D-7590B98EB39B}
		{3C48DC44-7549-444C-8E8A-A7B7B1E17CEB} = {827E0CD3-B72D-47B6-A68D-7590B98EB39B}
		{5FE7C106-8BD0-408A-8DCE-B5F7C3A9F357} = {0AB3BF05-4346-4AA6-1389-037BE0695223}
	EndGlobalSection
EndGlobal
